// !$*UTF8*$!
{
	archiveVersion = 1;
	classes = {
	};
	objectVersion = 55;
	objects = {

/* Begin PBXBuildFile section */
		5622682927A1C77400147826 /* WhiteContents.swift in Sources */ = {isa = PBXBuildFile; fileRef = 5622682827A1C77400147826 /* WhiteContents.swift */; };
		5622682B27A1CAC000147826 /* BottleSelect.swift in Sources */ = {isa = PBXBuildFile; fileRef = 5622682A27A1CAC000147826 /* BottleSelect.swift */; };
		564B3D4A2799EB4800F2513B /* Design_10App.swift in Sources */ = {isa = PBXBuildFile; fileRef = 564B3D492799EB4800F2513B /* Design_10App.swift */; };
		564B3D4C2799EB4800F2513B /* ContentView.swift in Sources */ = {isa = PBXBuildFile; fileRef = 564B3D4B2799EB4800F2513B /* ContentView.swift */; };
		564B3D4E2799EB4A00F2513B /* Assets.xcassets in Resources */ = {isa = PBXBuildFile; fileRef = 564B3D4D2799EB4A00F2513B /* Assets.xcassets */; };
		564B3D512799EB4A00F2513B /* Preview Assets.xcassets in Resources */ = {isa = PBXBuildFile; fileRef = 564B3D502799EB4A00F2513B /* Preview Assets.xcassets */; };
		564B3D582799EDA000F2513B /* FrontPage.swift in Sources */ = {isa = PBXBuildFile; fileRef = 564B3D572799EDA000F2513B /* FrontPage.swift */; };
		56F09FF327A4B0EF00C08D84 /* BottleOffer.swift in Sources */ = {isa = PBXBuildFile; fileRef = 56F09FF227A4B0EF00C08D84 /* BottleOffer.swift */; };
		56FF5958279B43BB00BAFCDE /* WaterBottleView.swift in Sources */ = {isa = PBXBuildFile; fileRef = 56FF5957279B43BB00BAFCDE /* WaterBottleView.swift */; };
		56FF595A279B450000BAFCDE /* ShoppingPage.swift in Sources */ = {isa = PBXBuildFile; fileRef = 56FF5959279B450000BAFCDE /* ShoppingPage.swift */; };
/* End PBXBuildFile section */

/* Begin PBXFileReference section */
		5622682827A1C77400147826 /* WhiteContents.swift */ = {isa = PBXFileReference; lastKnownFileType = sourcecode.swift; path = WhiteContents.swift; sourceTree = "<group>"; };
		5622682A27A1CAC000147826 /* BottleSelect.swift */ = {isa = PBXFileReference; lastKnownFileType = sourcecode.swift; path = BottleSelect.swift; sourceTree = "<group>"; };
		564B3D462799EB4800F2513B /* Design#10.app */ = {isa = PBXFileReference; explicitFileType = wrapper.application; includeInIndex = 0; path = "Design#10.app"; sourceTree = BUILT_PRODUCTS_DIR; };
		564B3D492799EB4800F2513B /* Design_10App.swift */ = {isa = PBXFileReference; lastKnownFileType = sourcecode.swift; path = Design_10App.swift; sourceTree = "<group>"; };
		564B3D4B2799EB4800F2513B /* ContentView.swift */ = {isa = PBXFileReference; lastKnownFileType = sourcecode.swift; path = ContentView.swift; sourceTree = "<group>"; };
		564B3D4D2799EB4A00F2513B /* Assets.xcassets */ = {isa = PBXFileReference; lastKnownFileType = folder.assetcatalog; path = Assets.xcassets; sourceTree = "<group>"; };
		564B3D502799EB4A00F2513B /* Preview Assets.xcassets */ = {isa = PBXFileReference; lastKnownFileType = folder.assetcatalog; path = "Preview Assets.xcassets"; sourceTree = "<group>"; };
		564B3D572799EDA000F2513B /* FrontPage.swift */ = {isa = PBXFileReference; lastKnownFileType = sourcecode.swift; path = FrontPage.swift; sourceTree = "<group>"; };
		56F09FF227A4B0EF00C08D84 /* BottleOffer.swift */ = {isa = PBXFileReference; lastKnownFileType = sourcecode.swift; path = BottleOffer.swift; sourceTree = "<group>"; };
		56FF5957279B43BB00BAFCDE /* WaterBottleView.swift */ = {isa = PBXFileReference; lastKnownFileType = sourcecode.swift; path = WaterBottleView.swift; sourceTree = "<group>"; };
		56FF5959279B450000BAFCDE /* ShoppingPage.swift */ = {isa = PBXFileReference; lastKnownFileType = sourcecode.swift; path = ShoppingPage.swift; sourceTree = "<group>"; };
/* End PBXFileReference section */

/* Begin PBXFrameworksBuildPhase section */
		564B3D432799EB4800F2513B /* Frameworks */ = {
			isa = PBXFrameworksBuildPhase;
			buildActionMask = 2147483647;
			files = (
			);
			runOnlyForDeploymentPostprocessing = 0;
		};
/* End PBXFrameworksBuildPhase section */

/* Begin PBXGroup section */
		564B3D3D2799EB4800F2513B = {
			isa = PBXGroup;
			children = (
				564B3D482799EB4800F2513B /* Design#10 */,
				564B3D472799EB4800F2513B /* Products */,
			);
			sourceTree = "<group>";
		};
		564B3D472799EB4800F2513B /* Products */ = {
			isa = PBXGroup;
			children = (
				564B3D462799EB4800F2513B /* Design#10.app */,
			);
			name = Products;
			sourceTree = "<group>";
		};
		564B3D482799EB4800F2513B /* Design#10 */ = {
			isa = PBXGroup;
			children = (
				564B3D492799EB4800F2513B /* Design_10App.swift */,
				564B3D4B2799EB4800F2513B /* ContentView.swift */,
				56FF5956279B433400BAFCDE /* Main */,
				56FF595B279B451B00BAFCDE /* Shopping */,
				564B3D4D2799EB4A00F2513B /* Assets.xcassets */,
				564B3D4F2799EB4A00F2513B /* Preview Content */,
			);
			path = "Design#10";
			sourceTree = "<group>";
		};
		564B3D4F2799EB4A00F2513B /* Preview Content */ = {
			isa = PBXGroup;
			children = (
				564B3D502799EB4A00F2513B /* Preview Assets.xcassets */,
			);
			path = "Preview Content";
			sourceTree = "<group>";
		};
		56FF5956279B433400BAFCDE /* Main */ = {
			isa = PBXGroup;
			children = (
				564B3D572799EDA000F2513B /* FrontPage.swift */,
				56FF5957279B43BB00BAFCDE /* WaterBottleView.swift */,
			);
			path = Main;
			sourceTree = "<group>";
		};
		56FF595B279B451B00BAFCDE /* Shopping */ = {
			isa = PBXGroup;
			children = (
				56FF5959279B450000BAFCDE /* ShoppingPage.swift */,
				5622682827A1C77400147826 /* WhiteContents.swift */,
				5622682A27A1CAC000147826 /* BottleSelect.swift */,
				56F09FF227A4B0EF00C08D84 /* BottleOffer.swift */,
			);
			path = Shopping;
			sourceTree = "<group>";
		};
/* End PBXGroup section */

/* Begin PBXNativeTarget section */
		564B3D452799EB4800F2513B /* Design#10 */ = {
			isa = PBXNativeTarget;
			buildConfigurationList = 564B3D542799EB4A00F2513B /* Build configuration list for PBXNativeTarget "Design#10" */;
			buildPhases = (
				564B3D422799EB4800F2513B /* Sources */,
				564B3D432799EB4800F2513B /* Frameworks */,
				564B3D442799EB4800F2513B /* Resources */,
			);
			buildRules = (
			);
			dependencies = (
			);
			name = "Design#10";
			productName = "Design#10";
			productReference = 564B3D462799EB4800F2513B /* Design#10.app */;
			productType = "com.apple.product-type.application";
		};
/* End PBXNativeTarget section */

/* Begin PBXProject section */
		564B3D3E2799EB4800F2513B /* Project object */ = {
			isa = PBXProject;
			attributes = {
				BuildIndependentTargetsInParallel = 1;
				LastSwiftUpdateCheck = 1320;
				LastUpgradeCheck = 1320;
				TargetAttributes = {
					564B3D452799EB4800F2513B = {
						CreatedOnToolsVersion = 13.2.1;
					};
				};
			};
			buildConfigurationList = 564B3D412799EB4800F2513B /* Build configuration list for PBXProject "Design#10" */;
			compatibilityVersion = "Xcode 13.0";
			developmentRegion = en;
			hasScannedForEncodings = 0;
			knownRegions = (
				en,
				Base,
			);
			mainGroup = 564B3D3D2799EB4800F2513B;
			productRefGroup = 564B3D472799EB4800F2513B /* Products */;
			projectDirPath = "";
			projectRoot = "";
			targets = (
				564B3D452799EB4800F2513B /* Design#10 */,
			);
		};
/* End PBXProject section */

/* Begin PBXResourcesBuildPhase section */
		564B3D442799EB4800F2513B /* Resources */ = {
			isa = PBXResourcesBuildPhase;
			buildActionMask = 2147483647;
			files = (
				564B3D512799EB4A00F2513B /* Preview Assets.xcassets in Resources */,
				564B3D4E2799EB4A00F2513B /* Assets.xcassets in Resources */,
			);
			runOnlyForDeploymentPostprocessing = 0;
		};
/* End PBXResourcesBuildPhase section */

/* Begin PBXSourcesBuildPhase section */
		564B3D422799EB4800F2513B /* Sources */ = {
			isa = PBXSourcesBuildPhase;
			buildActionMask = 2147483647;
			files = (
				56F09FF327A4B0EF00C08D84 /* BottleOffer.swift in Sources */,
				56FF5958279B43BB00BAFCDE /* WaterBottleView.swift in Sources */,
				564B3D582799EDA000F2513B /* FrontPage.swift in Sources */,
				564B3D4C2799EB4800F2513B /* ContentView.swift in Sources */,
				5622682927A1C77400147826 /* WhiteContents.swift in Sources */,
				564B3D4A2799EB4800F2513B /* Design_10App.swift in Sources */,
				56FF595A279B450000BAFCDE /* ShoppingPage.swift in Sources */,
				5622682B27A1CAC000147826 /* BottleSelect.swift in Sources */,
			);
			runOnlyForDeploymentPostprocessing = 0;
		};
/* End PBXSourcesBuildPhase section */

/* Begin XCBuildConfiguration section */
		564B3D522799EB4A00F2513B /* Debug */ = {
			isa = XCBuildConfiguration;
			buildSettings = {
				ALWAYS_SEARCH_USER_PATHS = NO;
				CLANG_ANALYZER_NONNULL = YES;
				CLANG_ANALYZER_NUMBER_OBJECT_CONVERSION = YES_AGGRESSIVE;
				CLANG_CXX_LANGUAGE_STANDARD = "gnu++17";
				CLANG_CXX_LIBRARY = "libc++";
				CLANG_ENABLE_MODULES = YES;
				CLANG_ENABLE_OBJC_ARC = YES;
				CLANG_ENABLE_OBJC_WEAK = YES;
				CLANG_WARN_BLOCK_CAPTURE_AUTORELEASING = YES;
				CLANG_WARN_BOOL_CONVERSION = YES;
				CLANG_WARN_COMMA = YES;
				CLANG_WARN_CONSTANT_CONVERSION = YES;
				CLANG_WARN_DEPRECATED_OBJC_IMPLEMENTATIONS = YES;
				CLANG_WARN_DIRECT_OBJC_ISA_USAGE = YES_ERROR;
				CLANG_WARN_DOCUMENTATION_COMMENTS = YES;
				CLANG_WARN_EMPTY_BODY = YES;
				CLANG_WARN_ENUM_CONVERSION = YES;
				CLANG_WARN_INFINITE_RECURSION = YES;
				CLANG_WARN_INT_CONVERSION = YES;
				CLANG_WARN_NON_LITERAL_NULL_CONVERSION = YES;
				CLANG_WARN_OBJC_IMPLICIT_RETAIN_SELF = YES;
				CLANG_WARN_OBJC_LITERAL_CONVERSION = YES;
				CLANG_WARN_OBJC_ROOT_CLASS = YES_ERROR;
				CLANG_WARN_QUOTED_INCLUDE_IN_FRAMEWORK_HEADER = YES;
				CLANG_WARN_RANGE_LOOP_ANALYSIS = YES;
				CLANG_WARN_STRICT_PROTOTYPES = YES;
				CLANG_WARN_SUSPICIOUS_MOVE = YES;
				CLANG_WARN_UNGUARDED_AVAILABILITY = YES_AGGRESSIVE;
				CLANG_WARN_UNREACHABLE_CODE = YES;
				CLANG_WARN__DUPLICATE_METHOD_MATCH = YES;
				COPY_PHASE_STRIP = NO;
				DEBUG_INFORMATION_FORMAT = dwarf;
				ENABLE_STRICT_OBJC_MSGSEND = YES;
				ENABLE_TESTABILITY = YES;
				GCC_C_LANGUAGE_STANDARD = gnu11;
				GCC_DYNAMIC_NO_PIC = NO;
				GCC_NO_COMMON_BLOCKS = YES;
				GCC_OPTIMIZATION_LEVEL = 0;
				GCC_PREPROCESSOR_DEFINITIONS = (
					"DEBUG=1",
					"$(inherited)",
				);
				GCC_WARN_64_TO_32_BIT_CONVERSION = YES;
				GCC_WARN_ABOUT_RETURN_TYPE = YES_ERROR;
				GCC_WARN_UNDECLARED_SELECTOR = YES;
				GCC_WARN_UNINITIALIZED_AUTOS = YES_AGGRESSIVE;
				GCC_WARN_UNUSED_FUNCTION = YES;
				GCC_WARN_UNUSED_VARIABLE = YES;
				IPHONEOS_DEPLOYMENT_TARGET = 15.2;
				MTL_ENABLE_DEBUG_INFO = INCLUDE_SOURCE;
				MTL_FAST_MATH = YES;
				ONLY_ACTIVE_ARCH = YES;
				SDKROOT = iphoneos;
				SWIFT_ACTIVE_COMPILATION_CONDITIONS = DEBUG;
				SWIFT_OPTIMIZATION_LEVEL = "-Onone";
			};
			name = Debug;
		};
		564B3D532799EB4A00F2513B /* Release */ = {
			isa = XCBuildConfiguration;
			buildSettings = {
				ALWAYS_SEARCH_USER_PATHS = NO;
				CLANG_ANALYZER_NONNULL = YES;
				CLANG_ANALYZER_NUMBER_OBJECT_CONVERSION = YES_AGGRESSIVE;
				CLANG_CXX_LANGUAGE_STANDARD = "gnu++17";
				CLANG_CXX_LIBRARY = "libc++";
				CLANG_ENABLE_MODULES = YES;
				CLANG_ENABLE_OBJC_ARC = YES;
				CLANG_ENABLE_OBJC_WEAK = YES;
				CLANG_WARN_BLOCK_CAPTURE_AUTORELEASING = YES;
				CLANG_WARN_BOOL_CONVERSION = YES;
				CLANG_WARN_COMMA = YES;
				CLANG_WARN_CONSTANT_CONVERSION = YES;
				CLANG_WARN_DEPRECATED_OBJC_IMPLEMENTATIONS = YES;
				CLANG_WARN_DIRECT_OBJC_ISA_USAGE = YES_ERROR;
				CLANG_WARN_DOCUMENTATION_COMMENTS = YES;
				CLANG_WARN_EMPTY_BODY = YES;
				CLANG_WARN_ENUM_CONVERSION = YES;
				CLANG_WARN_INFINITE_RECURSION = YES;
				CLANG_WARN_INT_CONVERSION = YES;
				CLANG_WARN_NON_LITERAL_NULL_CONVERSION = YES;
				CLANG_WARN_OBJC_IMPLICIT_RETAIN_SELF = YES;
				CLANG_WARN_OBJC_LITERAL_CONVERSION = YES;
				CLANG_WARN_OBJC_ROOT_CLASS = YES_ERROR;
				CLANG_WARN_QUOTED_INCLUDE_IN_FRAMEWORK_HEADER = YES;
				CLANG_WARN_RANGE_LOOP_ANALYSIS = YES;
				CLANG_WARN_STRICT_PROTOTYPES = YES;
				CLANG_WARN_SUSPICIOUS_MOVE = YES;
				CLANG_WARN_UNGUARDED_AVAILABILITY = YES_AGGRESSIVE;
				CLANG_WARN_UNREACHABLE_CODE = YES;
				CLANG_WARN__DUPLICATE_METHOD_MATCH = YES;
				COPY_PHASE_STRIP = NO;
				DEBUG_INFORMATION_FORMAT = "dwarf-with-dsym";
				ENABLE_NS_ASSERTIONS = NO;
				ENABLE_STRICT_OBJC_MSGSEND = YES;
				GCC_C_LANGUAGE_STANDARD = gnu11;
				GCC_NO_COMMON_BLOCKS = YES;
				GCC_WARN_64_TO_32_BIT_CONVERSION = YES;
				GCC_WARN_ABOUT_RETURN_TYPE = YES_ERROR;
				GCC_WARN_UNDECLARED_SELECTOR = YES;
				GCC_WARN_UNINITIALIZED_AUTOS = YES_AGGRESSIVE;
				GCC_WARN_UNUSED_FUNCTION = YES;
				GCC_WARN_UNUSED_VARIABLE = YES;
				IPHONEOS_DEPLOYMENT_TARGET = 15.2;
				MTL_ENABLE_DEBUG_INFO = NO;
				MTL_FAST_MATH = YES;
				SDKROOT = iphoneos;
				SWIFT_COMPILATION_MODE = wholemodule;
				SWIFT_OPTIMIZATION_LEVEL = "-O";
				VALIDATE_PRODUCT = YES;
			};
			name = Release;
		};
		564B3D552799EB4A00F2513B /* Debug */ = {
			isa = XCBuildConfiguration;
			buildSettings = {
				ASSETCATALOG_COMPILER_APPICON_NAME = AppIcon;
				ASSETCATALOG_COMPILER_GLOBAL_ACCENT_COLOR_NAME = AccentColor;
				CODE_SIGN_STYLE = Automatic;
				CURRENT_PROJECT_VERSION = 1;
				DEVELOPMENT_ASSET_PATHS = "\"Design#10/Preview Content\"";
				DEVELOPMENT_TEAM = 42VXZMD96K;
				ENABLE_PREVIEWS = YES;
				GENERATE_INFOPLIST_FILE = YES;
				INFOPLIST_KEY_UIApplicationSceneManifest_Generation = YES;
				INFOPLIST_KEY_UIApplicationSupportsIndirectInputEvents = YES;
				INFOPLIST_KEY_UILaunchScreen_Generation = YES;
				INFOPLIST_KEY_UISupportedInterfaceOrientations_iPad = "UIInterfaceOrientationPortrait UIInterfaceOrientationPortraitUpsideDown UIInterfaceOrientationLandscapeLeft UIInterfaceOrientationLandscapeRight";
				INFOPLIST_KEY_UISupportedInterfaceOrientations_iPhone = "UIInterfaceOrientationPortrait UIInterfaceOrientationLandscapeLeft UIInterfaceOrientationLandscapeRight";
				LD_RUNPATH_SEARCH_PATHS = (
					"$(inherited)",
					"@executable_path/Frameworks",
				);
				MARKETING_VERSION = 1.0;
				PRODUCT_BUNDLE_IDENTIFIER = "com.hubertle.Design-10";
				PRODUCT_NAME = "$(TARGET_NAME)";
				SWIFT_EMIT_LOC_STRINGS = YES;
				SWIFT_VERSION = 5.0;
				TARGETED_DEVICE_FAMILY = "1,2";
			};
			name = Debug;
		};
		564B3D562799EB4A00F2513B /* Release */ = {
			isa = XCBuildConfiguration;
			buildSettings = {
				ASSETCATALOG_COMPILER_APPICON_NAME = AppIcon;
				ASSETCATALOG_COMPILER_GLOBAL_ACCENT_COLOR_NAME = AccentColor;
				CODE_SIGN_STYLE = Automatic;
				CURRENT_PROJECT_VERSION = 1;
				DEVELOPMENT_ASSET_PATHS = "\"Design#10/Preview Content\"";
				DEVELOPMENT_TEAM = 42VXZMD96K;
				ENABLE_PREVIEWS = YES;
				GENERATE_INFOPLIST_FILE = YES;
				INFOPLIST_KEY_UIApplicationSceneManifest_Generation = YES;
				INFOPLIST_KEY_UIApplicationSupportsIndirectInputEvents = YES;
				INFOPLIST_KEY_UILaunchScreen_Generation = YES;
				INFOPLIST_KEY_UISupportedInterfaceOrientations_iPad = "UIInterfaceOrientationPortrait UIInterfaceOrientationPortraitUpsideDown UIInterfaceOrientationLandscapeLeft UIInterfaceOrientationLandscapeRight";
				INFOPLIST_KEY_UISupportedInterfaceOrientations_iPhone = "UIInterfaceOrientationPortrait UIInterfaceOrientationLandscapeLeft UIInterfaceOrientationLandscapeRight";
				LD_RUNPATH_SEARCH_PATHS = (
					"$(inherited)",
					"@executable_path/Frameworks",
				);
				MARKETING_VERSION = 1.0;
				PRODUCT_BUNDLE_IDENTIFIER = "com.hubertle.Design-10";
				PRODUCT_NAME = "$(TARGET_NAME)";
				SWIFT_EMIT_LOC_STRINGS = YES;
				SWIFT_VERSION = 5.0;
				TARGETED_DEVICE_FAMILY = "1,2";
			};
			name = Release;
		};
/* End XCBuildConfiguration section */

/* Begin XCConfigurationList section */
		564B3D412799EB4800F2513B /* Build configuration list for PBXProject "Design#10" */ = {
			isa = XCConfigurationList;
			buildConfigurations = (
				564B3D522799EB4A00F2513B /* Debug */,
				564B3D532799EB4A00F2513B /* Release */,
			);
			defaultConfigurationIsVisible = 0;
			defaultConfigurationName = Release;
		};
		564B3D542799EB4A00F2513B /* Build configuration list for PBXNativeTarget "Design#10" */ = {
			isa = XCConfigurationList;
			buildConfigurations = (
				564B3D552799EB4A00F2513B /* Debug */,
				564B3D562799EB4A00F2513B /* Release */,
			);
			defaultConfigurationIsVisible = 0;
			defaultConfigurationName = Release;
		};
/* End XCConfigurationList section */
	};
	rootObject = 564B3D3E2799EB4800F2513B /* Project object */;
}
