// !$*UTF8*$!
{
	archiveVersion = 1;
	classes = {
	};
	objectVersion = 55;
	objects = {

/* Begin PBXBuildFile section */
		561F877A275F2D2100C86418 /* Design_7App.swift in Sources */ = {isa = PBXBuildFile; fileRef = 561F8779275F2D2100C86418 /* Design_7App.swift */; };
		561F877C275F2D2100C86418 /* ContentView.swift in Sources */ = {isa = PBXBuildFile; fileRef = 561F877B275F2D2100C86418 /* ContentView.swift */; };
		561F877E275F2D2400C86418 /* Assets.xcassets in Resources */ = {isa = PBXBuildFile; fileRef = 561F877D275F2D2400C86418 /* Assets.xcassets */; };
		561F8781275F2D2400C86418 /* Preview Assets.xcassets in Resources */ = {isa = PBXBuildFile; fileRef = 561F8780275F2D2400C86418 /* Preview Assets.xcassets */; };
		5653F15E2769CCE600DBB509 /* MainMenu.swift in Sources */ = {isa = PBXBuildFile; fileRef = 5653F15D2769CCE600DBB509 /* MainMenu.swift */; };
		5653F1602769CE3500DBB509 /* Header.swift in Sources */ = {isa = PBXBuildFile; fileRef = 5653F15F2769CE3500DBB509 /* Header.swift */; };
/* End PBXBuildFile section */

/* Begin PBXFileReference section */
		561F8776275F2D2100C86418 /* Design#7.app */ = {isa = PBXFileReference; explicitFileType = wrapper.application; includeInIndex = 0; path = "Design#7.app"; sourceTree = BUILT_PRODUCTS_DIR; };
		561F8779275F2D2100C86418 /* Design_7App.swift */ = {isa = PBXFileReference; lastKnownFileType = sourcecode.swift; path = Design_7App.swift; sourceTree = "<group>"; };
		561F877B275F2D2100C86418 /* ContentView.swift */ = {isa = PBXFileReference; lastKnownFileType = sourcecode.swift; path = ContentView.swift; sourceTree = "<group>"; };
		561F877D275F2D2400C86418 /* Assets.xcassets */ = {isa = PBXFileReference; lastKnownFileType = folder.assetcatalog; path = Assets.xcassets; sourceTree = "<group>"; };
		561F8780275F2D2400C86418 /* Preview Assets.xcassets */ = {isa = PBXFileReference; lastKnownFileType = folder.assetcatalog; path = "Preview Assets.xcassets"; sourceTree = "<group>"; };
		5653F1532760135100DBB509 /* Design-7-Info.plist */ = {isa = PBXFileReference; lastKnownFileType = text.plist; path = "Design-7-Info.plist"; sourceTree = SOURCE_ROOT; };
		5653F1552760151000DBB509 /* Christmas Cards xxx.ttf */ = {isa = PBXFileReference; lastKnownFileType = file; path = "Christmas Cards xxx.ttf"; sourceTree = "<group>"; };
		5653F1592769B7C900DBB509 /* Red Christmas - Personal Use.otf */ = {isa = PBXFileReference; lastKnownFileType = file; name = "Red Christmas - Personal Use.otf"; path = "/Users/hubertle/Documents/SLearnUI/UIDesign/Design#7/Design#7/Red Christmas - Personal Use.otf"; sourceTree = "<absolute>"; };
		5653F15B2769B8B800DBB509 /* Christmas Bell.otf */ = {isa = PBXFileReference; lastKnownFileType = file; path = "Christmas Bell.otf"; sourceTree = "<group>"; };
		5653F15C2769B92300DBB509 /* Action_Man_Bold.ttf */ = {isa = PBXFileReference; lastKnownFileType = file; path = Action_Man_Bold.ttf; sourceTree = "<group>"; };
		5653F15D2769CCE600DBB509 /* MainMenu.swift */ = {isa = PBXFileReference; lastKnownFileType = sourcecode.swift; path = MainMenu.swift; sourceTree = "<group>"; };
		5653F15F2769CE3500DBB509 /* Header.swift */ = {isa = PBXFileReference; lastKnownFileType = sourcecode.swift; path = Header.swift; sourceTree = "<group>"; };
/* End PBXFileReference section */

/* Begin PBXFrameworksBuildPhase section */
		561F8773275F2D2100C86418 /* Frameworks */ = {
			isa = PBXFrameworksBuildPhase;
			buildActionMask = 2147483647;
			files = (
			);
			runOnlyForDeploymentPostprocessing = 0;
		};
/* End PBXFrameworksBuildPhase section */

/* Begin PBXGroup section */
		561F876D275F2D2100C86418 = {
			isa = PBXGroup;
			children = (
				561F8778275F2D2100C86418 /* Design#7 */,
				561F8777275F2D2100C86418 /* Products */,
			);
			sourceTree = "<group>";
		};
		561F8777275F2D2100C86418 /* Products */ = {
			isa = PBXGroup;
			children = (
				561F8776275F2D2100C86418 /* Design#7.app */,
			);
			name = Products;
			sourceTree = "<group>";
		};
		561F8778275F2D2100C86418 /* Design#7 */ = {
			isa = PBXGroup;
			children = (
				5653F15A2769B8B100DBB509 /* Font */,
				5653F1532760135100DBB509 /* Design-7-Info.plist */,
				561F8779275F2D2100C86418 /* Design_7App.swift */,
				561F877B275F2D2100C86418 /* ContentView.swift */,
				561F877D275F2D2400C86418 /* Assets.xcassets */,
				5653F15D2769CCE600DBB509 /* MainMenu.swift */,
				5653F15F2769CE3500DBB509 /* Header.swift */,
				561F877F275F2D2400C86418 /* Preview Content */,
			);
			path = "Design#7";
			sourceTree = "<group>";
		};
		561F877F275F2D2400C86418 /* Preview Content */ = {
			isa = PBXGroup;
			children = (
				561F8780275F2D2400C86418 /* Preview Assets.xcassets */,
			);
			path = "Preview Content";
			sourceTree = "<group>";
		};
		5653F15A2769B8B100DBB509 /* Font */ = {
			isa = PBXGroup;
			children = (
				5653F15C2769B92300DBB509 /* Action_Man_Bold.ttf */,
				5653F15B2769B8B800DBB509 /* Christmas Bell.otf */,
				5653F1592769B7C900DBB509 /* Red Christmas - Personal Use.otf */,
				5653F1552760151000DBB509 /* Christmas Cards xxx.ttf */,
			);
			path = Font;
			sourceTree = "<group>";
		};
/* End PBXGroup section */

/* Begin PBXNativeTarget section */
		561F8775275F2D2100C86418 /* Design#7 */ = {
			isa = PBXNativeTarget;
			buildConfigurationList = 561F8784275F2D2400C86418 /* Build configuration list for PBXNativeTarget "Design#7" */;
			buildPhases = (
				561F8772275F2D2100C86418 /* Sources */,
				561F8773275F2D2100C86418 /* Frameworks */,
				561F8774275F2D2100C86418 /* Resources */,
			);
			buildRules = (
			);
			dependencies = (
			);
			name = "Design#7";
			productName = "Design#7";
			productReference = 561F8776275F2D2100C86418 /* Design#7.app */;
			productType = "com.apple.product-type.application";
		};
/* End PBXNativeTarget section */

/* Begin PBXProject section */
		561F876E275F2D2100C86418 /* Project object */ = {
			isa = PBXProject;
			attributes = {
				BuildIndependentTargetsInParallel = 1;
				LastSwiftUpdateCheck = 1310;
				LastUpgradeCheck = 1310;
				TargetAttributes = {
					561F8775275F2D2100C86418 = {
						CreatedOnToolsVersion = 13.1;
					};
				};
			};
			buildConfigurationList = 561F8771275F2D2100C86418 /* Build configuration list for PBXProject "Design#7" */;
			compatibilityVersion = "Xcode 13.0";
			developmentRegion = en;
			hasScannedForEncodings = 0;
			knownRegions = (
				en,
				Base,
			);
			mainGroup = 561F876D275F2D2100C86418;
			productRefGroup = 561F8777275F2D2100C86418 /* Products */;
			projectDirPath = "";
			projectRoot = "";
			targets = (
				561F8775275F2D2100C86418 /* Design#7 */,
			);
		};
/* End PBXProject section */

/* Begin PBXResourcesBuildPhase section */
		561F8774275F2D2100C86418 /* Resources */ = {
			isa = PBXResourcesBuildPhase;
			buildActionMask = 2147483647;
			files = (
				561F8781275F2D2400C86418 /* Preview Assets.xcassets in Resources */,
				561F877E275F2D2400C86418 /* Assets.xcassets in Resources */,
			);
			runOnlyForDeploymentPostprocessing = 0;
		};
/* End PBXResourcesBuildPhase section */

/* Begin PBXSourcesBuildPhase section */
		561F8772275F2D2100C86418 /* Sources */ = {
			isa = PBXSourcesBuildPhase;
			buildActionMask = 2147483647;
			files = (
				5653F1602769CE3500DBB509 /* Header.swift in Sources */,
				561F877C275F2D2100C86418 /* ContentView.swift in Sources */,
				5653F15E2769CCE600DBB509 /* MainMenu.swift in Sources */,
				561F877A275F2D2100C86418 /* Design_7App.swift in Sources */,
			);
			runOnlyForDeploymentPostprocessing = 0;
		};
/* End PBXSourcesBuildPhase section */

/* Begin XCBuildConfiguration section */
		561F8782275F2D2400C86418 /* Debug */ = {
			isa = XCBuildConfiguration;
			buildSettings = {
				ALWAYS_SEARCH_USER_PATHS = NO;
				CLANG_ANALYZER_NONNULL = YES;
				CLANG_ANALYZER_NUMBER_OBJECT_CONVERSION = YES_AGGRESSIVE;
				CLANG_CXX_LANGUAGE_STANDARD = "gnu++17";
				CLANG_CXX_LIBRARY = "libc++";
				CLANG_ENABLE_MODULES = YES;
				CLANG_ENABLE_OBJC_ARC = YES;
				CLANG_ENABLE_OBJC_WEAK = YES;
				CLANG_WARN_BLOCK_CAPTURE_AUTORELEASING = YES;
				CLANG_WARN_BOOL_CONVERSION = YES;
				CLANG_WARN_COMMA = YES;
				CLANG_WARN_CONSTANT_CONVERSION = YES;
				CLANG_WARN_DEPRECATED_OBJC_IMPLEMENTATIONS = YES;
				CLANG_WARN_DIRECT_OBJC_ISA_USAGE = YES_ERROR;
				CLANG_WARN_DOCUMENTATION_COMMENTS = YES;
				CLANG_WARN_EMPTY_BODY = YES;
				CLANG_WARN_ENUM_CONVERSION = YES;
				CLANG_WARN_INFINITE_RECURSION = YES;
				CLANG_WARN_INT_CONVERSION = YES;
				CLANG_WARN_NON_LITERAL_NULL_CONVERSION = YES;
				CLANG_WARN_OBJC_IMPLICIT_RETAIN_SELF = YES;
				CLANG_WARN_OBJC_LITERAL_CONVERSION = YES;
				CLANG_WARN_OBJC_ROOT_CLASS = YES_ERROR;
				CLANG_WARN_QUOTED_INCLUDE_IN_FRAMEWORK_HEADER = YES;
				CLANG_WARN_RANGE_LOOP_ANALYSIS = YES;
				CLANG_WARN_STRICT_PROTOTYPES = YES;
				CLANG_WARN_SUSPICIOUS_MOVE = YES;
				CLANG_WARN_UNGUARDED_AVAILABILITY = YES_AGGRESSIVE;
				CLANG_WARN_UNREACHABLE_CODE = YES;
				CLANG_WARN__DUPLICATE_METHOD_MATCH = YES;
				COPY_PHASE_STRIP = NO;
				DEBUG_INFORMATION_FORMAT = dwarf;
				ENABLE_STRICT_OBJC_MSGSEND = YES;
				ENABLE_TESTABILITY = YES;
				GCC_C_LANGUAGE_STANDARD = gnu11;
				GCC_DYNAMIC_NO_PIC = NO;
				GCC_NO_COMMON_BLOCKS = YES;
				GCC_OPTIMIZATION_LEVEL = 0;
				GCC_PREPROCESSOR_DEFINITIONS = (
					"DEBUG=1",
					"$(inherited)",
				);
				GCC_WARN_64_TO_32_BIT_CONVERSION = YES;
				GCC_WARN_ABOUT_RETURN_TYPE = YES_ERROR;
				GCC_WARN_UNDECLARED_SELECTOR = YES;
				GCC_WARN_UNINITIALIZED_AUTOS = YES_AGGRESSIVE;
				GCC_WARN_UNUSED_FUNCTION = YES;
				GCC_WARN_UNUSED_VARIABLE = YES;
				IPHONEOS_DEPLOYMENT_TARGET = 15.0;
				MTL_ENABLE_DEBUG_INFO = INCLUDE_SOURCE;
				MTL_FAST_MATH = YES;
				ONLY_ACTIVE_ARCH = YES;
				SDKROOT = iphoneos;
				SWIFT_ACTIVE_COMPILATION_CONDITIONS = DEBUG;
				SWIFT_OPTIMIZATION_LEVEL = "-Onone";
			};
			name = Debug;
		};
		561F8783275F2D2400C86418 /* Release */ = {
			isa = XCBuildConfiguration;
			buildSettings = {
				ALWAYS_SEARCH_USER_PATHS = NO;
				CLANG_ANALYZER_NONNULL = YES;
				CLANG_ANALYZER_NUMBER_OBJECT_CONVERSION = YES_AGGRESSIVE;
				CLANG_CXX_LANGUAGE_STANDARD = "gnu++17";
				CLANG_CXX_LIBRARY = "libc++";
				CLANG_ENABLE_MODULES = YES;
				CLANG_ENABLE_OBJC_ARC = YES;
				CLANG_ENABLE_OBJC_WEAK = YES;
				CLANG_WARN_BLOCK_CAPTURE_AUTORELEASING = YES;
				CLANG_WARN_BOOL_CONVERSION = YES;
				CLANG_WARN_COMMA = YES;
				CLANG_WARN_CONSTANT_CONVERSION = YES;
				CLANG_WARN_DEPRECATED_OBJC_IMPLEMENTATIONS = YES;
				CLANG_WARN_DIRECT_OBJC_ISA_USAGE = YES_ERROR;
				CLANG_WARN_DOCUMENTATION_COMMENTS = YES;
				CLANG_WARN_EMPTY_BODY = YES;
				CLANG_WARN_ENUM_CONVERSION = YES;
				CLANG_WARN_INFINITE_RECURSION = YES;
				CLANG_WARN_INT_CONVERSION = YES;
				CLANG_WARN_NON_LITERAL_NULL_CONVERSION = YES;
				CLANG_WARN_OBJC_IMPLICIT_RETAIN_SELF = YES;
				CLANG_WARN_OBJC_LITERAL_CONVERSION = YES;
				CLANG_WARN_OBJC_ROOT_CLASS = YES_ERROR;
				CLANG_WARN_QUOTED_INCLUDE_IN_FRAMEWORK_HEADER = YES;
				CLANG_WARN_RANGE_LOOP_ANALYSIS = YES;
				CLANG_WARN_STRICT_PROTOTYPES = YES;
				CLANG_WARN_SUSPICIOUS_MOVE = YES;
				CLANG_WARN_UNGUARDED_AVAILABILITY = YES_AGGRESSIVE;
				CLANG_WARN_UNREACHABLE_CODE = YES;
				CLANG_WARN__DUPLICATE_METHOD_MATCH = YES;
				COPY_PHASE_STRIP = NO;
				DEBUG_INFORMATION_FORMAT = "dwarf-with-dsym";
				ENABLE_NS_ASSERTIONS = NO;
				ENABLE_STRICT_OBJC_MSGSEND = YES;
				GCC_C_LANGUAGE_STANDARD = gnu11;
				GCC_NO_COMMON_BLOCKS = YES;
				GCC_WARN_64_TO_32_BIT_CONVERSION = YES;
				GCC_WARN_ABOUT_RETURN_TYPE = YES_ERROR;
				GCC_WARN_UNDECLARED_SELECTOR = YES;
				GCC_WARN_UNINITIALIZED_AUTOS = YES_AGGRESSIVE;
				GCC_WARN_UNUSED_FUNCTION = YES;
				GCC_WARN_UNUSED_VARIABLE = YES;
				IPHONEOS_DEPLOYMENT_TARGET = 15.0;
				MTL_ENABLE_DEBUG_INFO = NO;
				MTL_FAST_MATH = YES;
				SDKROOT = iphoneos;
				SWIFT_COMPILATION_MODE = wholemodule;
				SWIFT_OPTIMIZATION_LEVEL = "-O";
				VALIDATE_PRODUCT = YES;
			};
			name = Release;
		};
		561F8785275F2D2400C86418 /* Debug */ = {
			isa = XCBuildConfiguration;
			buildSettings = {
				ASSETCATALOG_COMPILER_APPICON_NAME = AppIcon;
				ASSETCATALOG_COMPILER_GLOBAL_ACCENT_COLOR_NAME = AccentColor;
				CODE_SIGN_STYLE = Automatic;
				CURRENT_PROJECT_VERSION = 1;
				DEVELOPMENT_ASSET_PATHS = "\"Design#7/Preview Content\"";
				DEVELOPMENT_TEAM = 42VXZMD96K;
				ENABLE_PREVIEWS = YES;
				GENERATE_INFOPLIST_FILE = YES;
				INFOPLIST_FILE = "Design-7-Info.plist";
				INFOPLIST_KEY_UIApplicationSceneManifest_Generation = YES;
				INFOPLIST_KEY_UIApplicationSupportsIndirectInputEvents = YES;
				INFOPLIST_KEY_UILaunchScreen_Generation = YES;
				INFOPLIST_KEY_UISupportedInterfaceOrientations_iPad = "UIInterfaceOrientationPortrait UIInterfaceOrientationPortraitUpsideDown UIInterfaceOrientationLandscapeLeft UIInterfaceOrientationLandscapeRight";
				INFOPLIST_KEY_UISupportedInterfaceOrientations_iPhone = "UIInterfaceOrientationPortrait UIInterfaceOrientationLandscapeLeft UIInterfaceOrientationLandscapeRight";
				LD_RUNPATH_SEARCH_PATHS = (
					"$(inherited)",
					"@executable_path/Frameworks",
				);
				MARKETING_VERSION = 1.0;
				PRODUCT_BUNDLE_IDENTIFIER = "com.hubertle.Design-7";
				PRODUCT_NAME = "$(TARGET_NAME)";
				SWIFT_EMIT_LOC_STRINGS = YES;
				SWIFT_VERSION = 5.0;
				TARGETED_DEVICE_FAMILY = "1,2";
			};
			name = Debug;
		};
		561F8786275F2D2400C86418 /* Release */ = {
			isa = XCBuildConfiguration;
			buildSettings = {
				ASSETCATALOG_COMPILER_APPICON_NAME = AppIcon;
				ASSETCATALOG_COMPILER_GLOBAL_ACCENT_COLOR_NAME = AccentColor;
				CODE_SIGN_STYLE = Automatic;
				CURRENT_PROJECT_VERSION = 1;
				DEVELOPMENT_ASSET_PATHS = "\"Design#7/Preview Content\"";
				DEVELOPMENT_TEAM = 42VXZMD96K;
				ENABLE_PREVIEWS = YES;
				GENERATE_INFOPLIST_FILE = YES;
				INFOPLIST_FILE = "Design-7-Info.plist";
				INFOPLIST_KEY_UIApplicationSceneManifest_Generation = YES;
				INFOPLIST_KEY_UIApplicationSupportsIndirectInputEvents = YES;
				INFOPLIST_KEY_UILaunchScreen_Generation = YES;
				INFOPLIST_KEY_UISupportedInterfaceOrientations_iPad = "UIInterfaceOrientationPortrait UIInterfaceOrientationPortraitUpsideDown UIInterfaceOrientationLandscapeLeft UIInterfaceOrientationLandscapeRight";
				INFOPLIST_KEY_UISupportedInterfaceOrientations_iPhone = "UIInterfaceOrientationPortrait UIInterfaceOrientationLandscapeLeft UIInterfaceOrientationLandscapeRight";
				LD_RUNPATH_SEARCH_PATHS = (
					"$(inherited)",
					"@executable_path/Frameworks",
				);
				MARKETING_VERSION = 1.0;
				PRODUCT_BUNDLE_IDENTIFIER = "com.hubertle.Design-7";
				PRODUCT_NAME = "$(TARGET_NAME)";
				SWIFT_EMIT_LOC_STRINGS = YES;
				SWIFT_VERSION = 5.0;
				TARGETED_DEVICE_FAMILY = "1,2";
			};
			name = Release;
		};
/* End XCBuildConfiguration section */

/* Begin XCConfigurationList section */
		561F8771275F2D2100C86418 /* Build configuration list for PBXProject "Design#7" */ = {
			isa = XCConfigurationList;
			buildConfigurations = (
				561F8782275F2D2400C86418 /* Debug */,
				561F8783275F2D2400C86418 /* Release */,
			);
			defaultConfigurationIsVisible = 0;
			defaultConfigurationName = Release;
		};
		561F8784275F2D2400C86418 /* Build configuration list for PBXNativeTarget "Design#7" */ = {
			isa = XCConfigurationList;
			buildConfigurations = (
				561F8785275F2D2400C86418 /* Debug */,
				561F8786275F2D2400C86418 /* Release */,
			);
			defaultConfigurationIsVisible = 0;
			defaultConfigurationName = Release;
		};
/* End XCConfigurationList section */
	};
	rootObject = 561F876E275F2D2100C86418 /* Project object */;
}
